Microsoft Visual Studio Solution File, Format Version 12.00
# Visual Studio Version 17
VisualStudioVersion = 17.5.2.0
MinimumVisualStudioVersion = 10.0.40219.1
Project("{FAE04EC0-301F-11D3-BF4B-00C04F79EFBC}") = "SpecflowParallelExecution", "SpecflowParallelExecution.csproj", "{801C9B1F-B313-F84F-40B6-C2DAC95D9540}"
EndProject
Global
	GlobalSection(SolutionConfigurationPlatforms) = preSolution
		Debug|Any CPU = Debug|Any CPU
		Release|Any CPU = Release|Any CPU
	EndGlobalSection
	GlobalSection(ProjectConfigurationPlatforms) = postSolution
		{801C9B1F-B313-F84F-40B6-C2DAC95D9540}.Debug|Any CPU.ActiveCfg = Debug|Any CPU
		{801C9B1F-B313-F84F-40B6-C2DAC95D9540}.Debug|Any CPU.Build.0 = Debug|Any CPU
		{801C9B1F-B313-F84F-40B6-C2DAC95D9540}.Release|Any CPU.ActiveCfg = Release|Any CPU
		{801C9B1F-B313-F84F-40B6-C2DAC95D9540}.Release|Any CPU.Build.0 = Release|Any CPU
	EndGlobalSection
	GlobalSection(SolutionProperties) = preSolution
		HideSolutionNode = FALSE
	EndGlobalSection
	GlobalSection(ExtensibilityGlobals) = postSolution
		SolutionGuid = {3B7113DE-4978-4E2A-A99F-921B69088325}
	EndGlobalSection
EndGlobal
